#
# This file is autogenerated by pip-compile with Python 3.12
# by the following command:
#
#    pip-compile --extra=dev --no-index --output-file=requirements-dev.lock pyproject.toml
#
alembic==1.20.0
    # via resolvex (pyproject.toml)
annotated-doc==0.0.5
    # via fastapi
annotated-types==0.8.0
    # via pydantic
anyio==4.15.1
    # via
    #   httpx
    #   starlette
    #   watchfiles
asyncmy==0.2.14
    # via resolvex (pyproject.toml)
build==1.6.1
    # via pip-tools
certifi==2026.7.22
    # via
    #   httpcore
    #   httpx
cffi==2.1.1
    # via cryptography
click==8.5.0
    # via
    #   pip-tools
    #   uvicorn
colorama==0.4.6
    # via
    #   build
    #   pytest
coverage[toml]==7.16.0
    # via pytest-cov
cryptography==46.0.7
    # via resolvex (pyproject.toml)
fastapi==0.141.1
    # via resolvex (pyproject.toml)
greenlet==3.5.5
    # via sqlalchemy
h11==0.16.0
    # via
    #   httpcore
    #   uvicorn
httpcore==1.0.9
    # via httpx
httptools==0.8.0
    # via uvicorn
httpx==0.28.1
    # via resolvex (pyproject.toml)
idna==3.19
    # via
    #   anyio
    #   httpx
iniconfig==2.3.0
    # via pytest
mako==1.4.1
    # via alembic
markupsafe==3.0.3
    # via mako
packaging==26.3
    # via
    #   build
    #   pytest
    #   wheel
pip-tools==7.6.1
    # via resolvex (pyproject.toml)
pluggy==1.6.0
    # via
    #   pytest
    #   pytest-cov
pycparser==3.0
    # via cffi
pydantic==2.13.5
    # via
    #   fastapi
    #   pydantic-settings
pydantic-core==2.46.5
    # via pydantic
pydantic-settings==2.15.0
    # via resolvex (pyproject.toml)
pygments==2.21.0
    # via pytest
pyproject-hooks==1.2.0
    # via
    #   build
    #   pip-tools
pytest==9.1.1
    # via
    #   pytest-asyncio
    #   pytest-cov
    #   resolvex (pyproject.toml)
pytest-asyncio==1.4.0
    # via resolvex (pyproject.toml)
pytest-cov==7.1.0
    # via resolvex (pyproject.toml)
python-dotenv==1.2.3
    # via
    #   pydantic-settings
    #   resolvex (pyproject.toml)
    #   uvicorn
pyyaml==6.0.3
    # via uvicorn
redis==7.4.1
    # via resolvex (pyproject.toml)
ruff==0.16.7
    # via resolvex (pyproject.toml)
sqlalchemy==2.0.52
    # via
    #   alembic
    #   resolvex (pyproject.toml)
starlette==1.6.0
    # via fastapi
structlog==26.1.0
    # via resolvex (pyproject.toml)
typing-extensions==4.16.0
    # via
    #   alembic
    #   anyio
    #   fastapi
    #   pydantic
    #   pydantic-core
    #   pytest-asyncio
    #   sqlalchemy
    #   starlette
    #   typing-inspection
typing-inspection==0.4.4
    # via
    #   fastapi
    #   pydantic
    #   pydantic-settings
uvicorn[standard]==0.52.4
    # via resolvex (pyproject.toml)
watchfiles==1.2.0
    # via uvicorn
websockets==17.1
    # via uvicorn
wheel==0.48.0
    # via pip-tools

# The following packages are considered to be unsafe in a requirements file:
# pip
# setuptools
